
Microsoft Visual Studio Solution File, Format Version 12.00
# Visual Studio 15
VisualStudioVersion = 15.0.28307.572
MinimumVisualStudioVersion = 10.0.40219.1
Project("{FAE04EC0-301F-11D3-BF4B-00C04F79EFBC}") = "BookInformationKeeper", "BookInformationKeeper\BookInformationKeeper.csproj", "{ECD49D3A-FE78-4ED5-B95E-4557481FC2C9}"
EndProject
Global
	GlobalSection(SolutionConfigurationPlatforms) = preSolution
		Debug|Any CPU = Debug|Any CPU
		Release|Any CPU = Release|Any CPU
	EndGlobalSection
	GlobalSection(ProjectConfigurationPlatforms) = postSolution
		{ECD49D3A-FE78-4ED5-B95E-4557481FC2C9}.Debug|Any CPU.ActiveCfg = Debug|Any CPU
		{ECD49D3A-FE78-4ED5-B95E-4557481FC2C9}.Debug|Any CPU.Build.0 = Debug|Any CPU
		{ECD49D3A-FE78-4ED5-B95E-4557481FC2C9}.Release|Any CPU.ActiveCfg = Release|Any CPU
		{ECD49D3A-FE78-4ED5-B95E-4557481FC2C9}.Release|Any CPU.Build.0 = Release|Any CPU
	EndGlobalSection
	GlobalSection(SolutionProperties) = preSolution
		HideSolutionNode = FALSE
	EndGlobalSection
	GlobalSection(ExtensibilityGlobals) = postSolution
		SolutionGuid = {CDC22E80-5089-4685-93FD-8D344AFED82F}
	EndGlobalSection
EndGlobal
